// !$*UTF8*$!
{
	archiveVersion = 1;
	classes = {
	};
	objectVersion = 50;
	objects = {

/* Begin PBXBuildFile section */
		FA208223224FAC770075B470 /* MemeDetailViewController.swift in Sources */ = {isa = PBXBuildFile; fileRef = FA208222224FAC770075B470 /* MemeDetailViewController.swift */; };
		FA8425C322465719004C5C9D /* AppDelegate.swift in Sources */ = {isa = PBXBuildFile; fileRef = FA8425C222465719004C5C9D /* AppDelegate.swift */; };
		FA8425C522465719004C5C9D /* ViewController.swift in Sources */ = {isa = PBXBuildFile; fileRef = FA8425C422465719004C5C9D /* ViewController.swift */; };
		FA8425C822465719004C5C9D /* Main.storyboard in Resources */ = {isa = PBXBuildFile; fileRef = FA8425C622465719004C5C9D /* Main.storyboard */; };
		FA8425CA2246571B004C5C9D /* Assets.xcassets in Resources */ = {isa = PBXBuildFile; fileRef = FA8425C92246571B004C5C9D /* Assets.xcassets */; };
		FA8425CD2246571B004C5C9D /* LaunchScreen.storyboard in Resources */ = {isa = PBXBuildFile; fileRef = FA8425CB2246571B004C5C9D /* LaunchScreen.storyboard */; };
		FA8425D922478740004C5C9D /* MemeEditor.swift in Sources */ = {isa = PBXBuildFile; fileRef = FA8425D622478740004C5C9D /* MemeEditor.swift */; };
		FA8425DA22478740004C5C9D /* MemeStruct.swift in Sources */ = {isa = PBXBuildFile; fileRef = FA8425D722478740004C5C9D /* MemeStruct.swift */; };
		FA8425DB22478740004C5C9D /* TextFieldDelegate.swift in Sources */ = {isa = PBXBuildFile; fileRef = FA8425D822478740004C5C9D /* TextFieldDelegate.swift */; };
		FA8425DD22478940004C5C9D /* CollectionviewViewController.swift in Sources */ = {isa = PBXBuildFile; fileRef = FA8425DC22478940004C5C9D /* CollectionviewViewController.swift */; };
		FA8425E122478DD2004C5C9D /* CollectionViewCell.swift in Sources */ = {isa = PBXBuildFile; fileRef = FA8425E022478DD2004C5C9D /* CollectionViewCell.swift */; };
		FA8425E322479058004C5C9D /* MemeTabBarViewController.swift in Sources */ = {isa = PBXBuildFile; fileRef = FA8425E222479058004C5C9D /* MemeTabBarViewController.swift */; };
		FA8425E5224790CF004C5C9D /* MemeTableViewcontroller.swift in Sources */ = {isa = PBXBuildFile; fileRef = FA8425E4224790CF004C5C9D /* MemeTableViewcontroller.swift */; };
		FA8425E7224791A5004C5C9D /* TableViewCell.swift in Sources */ = {isa = PBXBuildFile; fileRef = FA8425E6224791A5004C5C9D /* TableViewCell.swift */; };
		FAE414BC225E94770099B277 /* MemeManager.swift in Sources */ = {isa = PBXBuildFile; fileRef = FAE414BB225E94770099B277 /* MemeManager.swift */; };
/* End PBXBuildFile section */

/* Begin PBXFileReference section */
		FA208222224FAC770075B470 /* MemeDetailViewController.swift */ = {isa = PBXFileReference; lastKnownFileType = sourcecode.swift; path = MemeDetailViewController.swift; sourceTree = "<group>"; };
		FA8425BF22465719004C5C9D /* Mememe20.app */ = {isa = PBXFileReference; explicitFileType = wrapper.application; includeInIndex = 0; path = Mememe20.app; sourceTree = BUILT_PRODUCTS_DIR; };
		FA8425C222465719004C5C9D /* AppDelegate.swift */ = {isa = PBXFileReference; lastKnownFileType = sourcecode.swift; path = AppDelegate.swift; sourceTree = "<group>"; };
		FA8425C422465719004C5C9D /* ViewController.swift */ = {isa = PBXFileReference; lastKnownFileType = sourcecode.swift; path = ViewController.swift; sourceTree = "<group>"; };
		FA8425C722465719004C5C9D /* Base */ = {isa = PBXFileReference; lastKnownFileType = file.storyboard; name = Base; path = Base.lproj/Main.storyboard; sourceTree = "<group>"; };
		FA8425C92246571B004C5C9D /* Assets.xcassets */ = {isa = PBXFileReference; lastKnownFileType = folder.assetcatalog; path = Assets.xcassets; sourceTree = "<group>"; };
		FA8425CC2246571B004C5C9D /* Base */ = {isa = PBXFileReference; lastKnownFileType = file.storyboard; name = Base; path = Base.lproj/LaunchScreen.storyboard; sourceTree = "<group>"; };
		FA8425CE2246571B004C5C9D /* Info.plist */ = {isa = PBXFileReference; lastKnownFileType = text.plist.xml; path = Info.plist; sourceTree = "<group>"; };
		FA8425D622478740004C5C9D /* MemeEditor.swift */ = {isa = PBXFileReference; fileEncoding = 4; lastKnownFileType = sourcecode.swift; path = MemeEditor.swift; sourceTree = "<group>"; };
		FA8425D722478740004C5C9D /* MemeStruct.swift */ = {isa = PBXFileReference; fileEncoding = 4; lastKnownFileType = sourcecode.swift; path = MemeStruct.swift; sourceTree = "<group>"; };
		FA8425D822478740004C5C9D /* TextFieldDelegate.swift */ = {isa = PBXFileReference; fileEncoding = 4; lastKnownFileType = sourcecode.swift; path = TextFieldDelegate.swift; sourceTree = "<group>"; };
		FA8425DC22478940004C5C9D /* CollectionviewViewController.swift */ = {isa = PBXFileReference; lastKnownFileType = sourcecode.swift; path = CollectionviewViewController.swift; sourceTree = "<group>"; };
		FA8425E022478DD2004C5C9D /* CollectionViewCell.swift */ = {isa = PBXFileReference; lastKnownFileType = sourcecode.swift; path = CollectionViewCell.swift; sourceTree = "<group>"; };
		FA8425E222479058004C5C9D /* MemeTabBarViewController.swift */ = {isa = PBXFileReference; lastKnownFileType = sourcecode.swift; path = MemeTabBarViewController.swift; sourceTree = "<group>"; };
		FA8425E4224790CF004C5C9D /* MemeTableViewcontroller.swift */ = {isa = PBXFileReference; lastKnownFileType = sourcecode.swift; path = MemeTableViewcontroller.swift; sourceTree = "<group>"; };
		FA8425E6224791A5004C5C9D /* TableViewCell.swift */ = {isa = PBXFileReference; lastKnownFileType = sourcecode.swift; path = TableViewCell.swift; sourceTree = "<group>"; };
		FAE414BB225E94770099B277 /* MemeManager.swift */ = {isa = PBXFileReference; lastKnownFileType = sourcecode.swift; path = MemeManager.swift; sourceTree = "<group>"; };
/* End PBXFileReference section */

/* Begin PBXFrameworksBuildPhase section */
		FA8425BC22465719004C5C9D /* Frameworks */ = {
			isa = PBXFrameworksBuildPhase;
			buildActionMask = 2147483647;
			files = (
			);
			runOnlyForDeploymentPostprocessing = 0;
		};
/* End PBXFrameworksBuildPhase section */

/* Begin PBXGroup section */
		FA8425B622465719004C5C9D = {
			isa = PBXGroup;
			children = (
				FA8425C122465719004C5C9D /* Mememe20 */,
				FA8425C022465719004C5C9D /* Products */,
			);
			sourceTree = "<group>";
		};
		FA8425C022465719004C5C9D /* Products */ = {
			isa = PBXGroup;
			children = (
				FA8425BF22465719004C5C9D /* Mememe20.app */,
			);
			name = Products;
			sourceTree = "<group>";
		};
		FA8425C122465719004C5C9D /* Mememe20 */ = {
			isa = PBXGroup;
			children = (
				FA8425D622478740004C5C9D /* MemeEditor.swift */,
				FA8425D722478740004C5C9D /* MemeStruct.swift */,
				FA8425D822478740004C5C9D /* TextFieldDelegate.swift */,
				FA8425C222465719004C5C9D /* AppDelegate.swift */,
				FA8425C422465719004C5C9D /* ViewController.swift */,
				FA8425C622465719004C5C9D /* Main.storyboard */,
				FA8425C92246571B004C5C9D /* Assets.xcassets */,
				FA8425CB2246571B004C5C9D /* LaunchScreen.storyboard */,
				FA8425CE2246571B004C5C9D /* Info.plist */,
				FA8425DC22478940004C5C9D /* CollectionviewViewController.swift */,
				FA8425E022478DD2004C5C9D /* CollectionViewCell.swift */,
				FA8425E222479058004C5C9D /* MemeTabBarViewController.swift */,
				FA8425E4224790CF004C5C9D /* MemeTableViewcontroller.swift */,
				FA8425E6224791A5004C5C9D /* TableViewCell.swift */,
				FA208222224FAC770075B470 /* MemeDetailViewController.swift */,
				FAE414BB225E94770099B277 /* MemeManager.swift */,
			);
			path = Mememe20;
			sourceTree = "<group>";
		};
/* End PBXGroup section */

/* Begin PBXNativeTarget section */
		FA8425BE22465719004C5C9D /* Mememe20 */ = {
			isa = PBXNativeTarget;
			buildConfigurationList = FA8425D12246571B004C5C9D /* Build configuration list for PBXNativeTarget "Mememe20" */;
			buildPhases = (
				FA8425BB22465719004C5C9D /* Sources */,
				FA8425BC22465719004C5C9D /* Frameworks */,
				FA8425BD22465719004C5C9D /* Resources */,
			);
			buildRules = (
			);
			dependencies = (
			);
			name = Mememe20;
			productName = Mememe20;
			productReference = FA8425BF22465719004C5C9D /* Mememe20.app */;
			productType = "com.apple.product-type.application";
		};
/* End PBXNativeTarget section */

/* Begin PBXProject section */
		FA8425B722465719004C5C9D /* Project object */ = {
			isa = PBXProject;
			attributes = {
				LastSwiftUpdateCheck = 1010;
				LastUpgradeCheck = 1010;
				ORGANIZATIONNAME = "Jan Gundorf";
				TargetAttributes = {
					FA8425BE22465719004C5C9D = {
						CreatedOnToolsVersion = 10.1;
					};
				};
			};
			buildConfigurationList = FA8425BA22465719004C5C9D /* Build configuration list for PBXProject "Mememe20" */;
			compatibilityVersion = "Xcode 9.3";
			developmentRegion = en;
			hasScannedForEncodings = 0;
			knownRegions = (
				en,
				Base,
			);
			mainGroup = FA8425B622465719004C5C9D;
			productRefGroup = FA8425C022465719004C5C9D /* Products */;
			projectDirPath = "";
			projectRoot = "";
			targets = (
				FA8425BE22465719004C5C9D /* Mememe20 */,
			);
		};
/* End PBXProject section */

/* Begin PBXResourcesBuildPhase section */
		FA8425BD22465719004C5C9D /* Resources */ = {
			isa = PBXResourcesBuildPhase;
			buildActionMask = 2147483647;
			files = (
				FA8425CD2246571B004C5C9D /* LaunchScreen.storyboard in Resources */,
				FA8425CA2246571B004C5C9D /* Assets.xcassets in Resources */,
				FA8425C822465719004C5C9D /* Main.storyboard in Resources */,
			);
			runOnlyForDeploymentPostprocessing = 0;
		};
/* End PBXResourcesBuildPhase section */

/* Begin PBXSourcesBuildPhase section */
		FA8425BB22465719004C5C9D /* Sources */ = {
			isa = PBXSourcesBuildPhase;
			buildActionMask = 2147483647;
			files = (
				FA8425E5224790CF004C5C9D /* MemeTableViewcontroller.swift in Sources */,
				FA8425E322479058004C5C9D /* MemeTabBarViewController.swift in Sources */,
				FA8425C522465719004C5C9D /* ViewController.swift in Sources */,
				FA8425DD22478940004C5C9D /* CollectionviewViewController.swift in Sources */,
				FA8425DB22478740004C5C9D /* TextFieldDelegate.swift in Sources */,
				FA8425E7224791A5004C5C9D /* TableViewCell.swift in Sources */,
				FA8425E122478DD2004C5C9D /* CollectionViewCell.swift in Sources */,
				FAE414BC225E94770099B277 /* MemeManager.swift in Sources */,
				FA8425D922478740004C5C9D /* MemeEditor.swift in Sources */,
				FA8425DA22478740004C5C9D /* MemeStruct.swift in Sources */,
				FA8425C322465719004C5C9D /* AppDelegate.swift in Sources */,
				FA208223224FAC770075B470 /* MemeDetailViewController.swift in Sources */,
			);
			runOnlyForDeploymentPostprocessing = 0;
		};
/* End PBXSourcesBuildPhase section */

/* Begin PBXVariantGroup section */
		FA8425C622465719004C5C9D /* Main.storyboard */ = {
			isa = PBXVariantGroup;
			children = (
				FA8425C722465719004C5C9D /* Base */,
			);
			name = Main.storyboard;
			sourceTree = "<group>";
		};
		FA8425CB2246571B004C5C9D /* LaunchScreen.storyboard */ = {
			isa = PBXVariantGroup;
			children = (
				FA8425CC2246571B004C5C9D /* Base */,
			);
			name = LaunchScreen.storyboard;
			sourceTree = "<group>";
		};
/* End PBXVariantGroup section */

/* Begin XCBuildConfiguration section */
		FA8425CF2246571B004C5C9D /* Debug */ = {
			isa = XCBuildConfiguration;
			buildSettings = {
				ALWAYS_SEARCH_USER_PATHS = NO;
				CLANG_ANALYZER_NONNULL = YES;
				CLANG_ANALYZER_NUMBER_OBJECT_CONVERSION = YES_AGGRESSIVE;
				CLANG_CXX_LANGUAGE_STANDARD = "gnu++14";
				CLANG_CXX_LIBRARY = "libc++";
				CLANG_ENABLE_MODULES = YES;
				CLANG_ENABLE_OBJC_ARC = YES;
				CLANG_ENABLE_OBJC_WEAK = YES;
				CLANG_WARN_BLOCK_CAPTURE_AUTORELEASING = YES;
				CLANG_WARN_BOOL_CONVERSION = YES;
				CLANG_WARN_COMMA = YES;
				CLANG_WARN_CONSTANT_CONVERSION = YES;
				CLANG_WARN_DEPRECATED_OBJC_IMPLEMENTATIONS = YES;
				CLANG_WARN_DIRECT_OBJC_ISA_USAGE = YES_ERROR;
				CLANG_WARN_DOCUMENTATION_COMMENTS = YES;
				CLANG_WARN_EMPTY_BODY = YES;
				CLANG_WARN_ENUM_CONVERSION = YES;
				CLANG_WARN_INFINITE_RECURSION = YES;
				CLANG_WARN_INT_CONVERSION = YES;
				CLANG_WARN_NON_LITERAL_NULL_CONVERSION = YES;
				CLANG_WARN_OBJC_IMPLICIT_RETAIN_SELF = YES;
				CLANG_WARN_OBJC_LITERAL_CONVERSION = YES;
				CLANG_WARN_OBJC_ROOT_CLASS = YES_ERROR;
				CLANG_WARN_RANGE_LOOP_ANALYSIS = YES;
				CLANG_WARN_STRICT_PROTOTYPES = YES;
				CLANG_WARN_SUSPICIOUS_MOVE = YES;
				CLANG_WARN_UNGUARDED_AVAILABILITY = YES_AGGRESSIVE;
				CLANG_WARN_UNREACHABLE_CODE = YES;
				CLANG_WARN__DUPLICATE_METHOD_MATCH = YES;
				CODE_SIGN_IDENTITY = "iPhone Developer";
				COPY_PHASE_STRIP = NO;
				DEBUG_INFORMATION_FORMAT = dwarf;
				ENABLE_STRICT_OBJC_MSGSEND = YES;
				ENABLE_TESTABILITY = YES;
				GCC_C_LANGUAGE_STANDARD = gnu11;
				GCC_DYNAMIC_NO_PIC = NO;
				GCC_NO_COMMON_BLOCKS = YES;
				GCC_OPTIMIZATION_LEVEL = 0;
				GCC_PREPROCESSOR_DEFINITIONS = (
					"DEBUG=1",
					"$(inherited)",
				);
				GCC_WARN_64_TO_32_BIT_CONVERSION = YES;
				GCC_WARN_ABOUT_RETURN_TYPE = YES_ERROR;
				GCC_WARN_UNDECLARED_SELECTOR = YES;
				GCC_WARN_UNINITIALIZED_AUTOS = YES_AGGRESSIVE;
				GCC_WARN_UNUSED_FUNCTION = YES;
				GCC_WARN_UNUSED_VARIABLE = YES;
				IPHONEOS_DEPLOYMENT_TARGET = 12.1;
				MTL_ENABLE_DEBUG_INFO = INCLUDE_SOURCE;
				MTL_FAST_MATH = YES;
				ONLY_ACTIVE_ARCH = YES;
				SDKROOT = iphoneos;
				SWIFT_ACTIVE_COMPILATION_CONDITIONS = DEBUG;
				SWIFT_OPTIMIZATION_LEVEL = "-Onone";
			};
			name = Debug;
		};
		FA8425D02246571B004C5C9D /* Release */ = {
			isa = XCBuildConfiguration;
			buildSettings = {
				ALWAYS_SEARCH_USER_PATHS = NO;
				CLANG_ANALYZER_NONNULL = YES;
				CLANG_ANALYZER_NUMBER_OBJECT_CONVERSION = YES_AGGRESSIVE;
				CLANG_CXX_LANGUAGE_STANDARD = "gnu++14";
				CLANG_CXX_LIBRARY = "libc++";
				CLANG_ENABLE_MODULES = YES;
				CLANG_ENABLE_OBJC_ARC = YES;
				CLANG_ENABLE_OBJC_WEAK = YES;
				CLANG_WARN_BLOCK_CAPTURE_AUTORELEASING = YES;
				CLANG_WARN_BOOL_CONVERSION = YES;
				CLANG_WARN_COMMA = YES;
				CLANG_WARN_CONSTANT_CONVERSION = YES;
				CLANG_WARN_DEPRECATED_OBJC_IMPLEMENTATIONS = YES;
				CLANG_WARN_DIRECT_OBJC_ISA_USAGE = YES_ERROR;
				CLANG_WARN_DOCUMENTATION_COMMENTS = YES;
				CLANG_WARN_EMPTY_BODY = YES;
				CLANG_WARN_ENUM_CONVERSION = YES;
				CLANG_WARN_INFINITE_RECURSION = YES;
				CLANG_WARN_INT_CONVERSION = YES;
				CLANG_WARN_NON_LITERAL_NULL_CONVERSION = YES;
				CLANG_WARN_OBJC_IMPLICIT_RETAIN_SELF = YES;
				CLANG_WARN_OBJC_LITERAL_CONVERSION = YES;
				CLANG_WARN_OBJC_ROOT_CLASS = YES_ERROR;
				CLANG_WARN_RANGE_LOOP_ANALYSIS = YES;
				CLANG_WARN_STRICT_PROTOTYPES = YES;
				CLANG_WARN_SUSPICIOUS_MOVE = YES;
				CLANG_WARN_UNGUARDED_AVAILABILITY = YES_AGGRESSIVE;
				CLANG_WARN_UNREACHABLE_CODE = YES;
				CLANG_WARN__DUPLICATE_METHOD_MATCH = YES;
				CODE_SIGN_IDENTITY = "iPhone Developer";
				COPY_PHASE_STRIP = NO;
				DEBUG_INFORMATION_FORMAT = "dwarf-with-dsym";
				ENABLE_NS_ASSERTIONS = NO;
				ENABLE_STRICT_OBJC_MSGSEND = YES;
				GCC_C_LANGUAGE_STANDARD = gnu11;
				GCC_NO_COMMON_BLOCKS = YES;
				GCC_WARN_64_TO_32_BIT_CONVERSION = YES;
				GCC_WARN_ABOUT_RETURN_TYPE = YES_ERROR;
				GCC_WARN_UNDECLARED_SELECTOR = YES;
				GCC_WARN_UNINITIALIZED_AUTOS = YES_AGGRESSIVE;
				GCC_WARN_UNUSED_FUNCTION = YES;
				GCC_WARN_UNUSED_VARIABLE = YES;
				IPHONEOS_DEPLOYMENT_TARGET = 12.1;
				MTL_ENABLE_DEBUG_INFO = NO;
				MTL_FAST_MATH = YES;
				SDKROOT = iphoneos;
				SWIFT_COMPILATION_MODE = wholemodule;
				SWIFT_OPTIMIZATION_LEVEL = "-O";
				VALIDATE_PRODUCT = YES;
			};
			name = Release;
		};
		FA8425D22246571B004C5C9D /* Debug */ = {
			isa = XCBuildConfiguration;
			buildSettings = {
				ASSETCATALOG_COMPILER_APPICON_NAME = AppIcon;
				CODE_SIGN_STYLE = Automatic;
				DEVELOPMENT_TEAM = V5W84K68NZ;
				INFOPLIST_FILE = Mememe20/Info.plist;
				LD_RUNPATH_SEARCH_PATHS = (
					"$(inherited)",
					"@executable_path/Frameworks",
				);
				PRODUCT_BUNDLE_IDENTIFIER = com.pitchperfect.Mememe20;
				PRODUCT_NAME = "$(TARGET_NAME)";
				SWIFT_VERSION = 4.2;
				TARGETED_DEVICE_FAMILY = "1,2";
			};
			name = Debug;
		};
		FA8425D32246571B004C5C9D /* Release */ = {
			isa = XCBuildConfiguration;
			buildSettings = {
				ASSETCATALOG_COMPILER_APPICON_NAME = AppIcon;
				CODE_SIGN_STYLE = Automatic;
				DEVELOPMENT_TEAM = V5W84K68NZ;
				INFOPLIST_FILE = Mememe20/Info.plist;
				LD_RUNPATH_SEARCH_PATHS = (
					"$(inherited)",
					"@executable_path/Frameworks",
				);
				PRODUCT_BUNDLE_IDENTIFIER = com.pitchperfect.Mememe20;
				PRODUCT_NAME = "$(TARGET_NAME)";
				SWIFT_VERSION = 4.2;
				TARGETED_DEVICE_FAMILY = "1,2";
			};
			name = Release;
		};
/* End XCBuildConfiguration section */

/* Begin XCConfigurationList section */
		FA8425BA22465719004C5C9D /* Build configuration list for PBXProject "Mememe20" */ = {
			isa = XCConfigurationList;
			buildConfigurations = (
				FA8425CF2246571B004C5C9D /* Debug */,
				FA8425D02246571B004C5C9D /* Release */,
			);
			defaultConfigurationIsVisible = 0;
			defaultConfigurationName = Release;
		};
		FA8425D12246571B004C5C9D /* Build configuration list for PBXNativeTarget "Mememe20" */ = {
			isa = XCConfigurationList;
			buildConfigurations = (
				FA8425D22246571B004C5C9D /* Debug */,
				FA8425D32246571B004C5C9D /* Release */,
			);
			defaultConfigurationIsVisible = 0;
			defaultConfigurationName = Release;
		};
/* End XCConfigurationList section */
	};
	rootObject = FA8425B722465719004C5C9D /* Project object */;
}
